
Microsoft Visual Studio Solution File, Format Version 12.00
# Visual Studio Version 17
VisualStudioVersion = 17.6.33712.159
MinimumVisualStudioVersion = 10.0.40219.1
Project("{FAE04EC0-301F-11D3-BF4B-00C04F79EFBC}") = "GameCharacterTab", "GameCharacterTab.csproj", "{5A623F14-FC16-4FE1-954C-7FC0456F22B3}"
EndProject
Global
	GlobalSection(SolutionConfigurationPlatforms) = preSolution
		Debug|Any CPU = Debug|Any CPU
		Release|Any CPU = Release|Any CPU
	EndGlobalSection
	GlobalSection(ProjectConfigurationPlatforms) = postSolution
		{5A623F14-FC16-4FE1-954C-7FC0456F22B3}.Debug|Any CPU.ActiveCfg = Debug|Any CPU
		{5A623F14-FC16-4FE1-954C-7FC0456F22B3}.Debug|Any CPU.Build.0 = Debug|Any CPU
		{5A623F14-FC16-4FE1-954C-7FC0456F22B3}.Release|Any CPU.ActiveCfg = Release|Any CPU
		{5A623F14-FC16-4FE1-954C-7FC0456F22B3}.Release|Any CPU.Build.0 = Release|Any CPU
	EndGlobalSection
	GlobalSection(SolutionProperties) = preSolution
		HideSolutionNode = FALSE
	EndGlobalSection
	GlobalSection(ExtensibilityGlobals) = postSolution
		SolutionGuid = {2FC73949-E4E3-477D-BBAD-DA5C5AB5CDB6}
	EndGlobalSection
EndGlobal
